
Microsoft Visual Studio Solution File, Format Version 12.00
# Visual Studio 15
VisualStudioVersion = 15.0.28307.102
MinimumVisualStudioVersion = 10.0.40219.1
Project("{9A19103F-16F7-4668-BE54-9A1E7A4F7556}") = "IoTMon.Models", "IoTMon.Models\IoTMon.Models.csproj", "{017AB222-CF86-4C54-9730-D989F2B84498}"
EndProject
Project("{9A19103F-16F7-4668-BE54-9A1E7A4F7556}") = "IoTMon.Data", "IoTMon.Data\IoTMon.Data.csproj", "{06D3CE1B-4EBF-43DE-A732-9AEDDD9F343C}"
EndProject
Project("{9A19103F-16F7-4668-BE54-9A1E7A4F7556}") = "IoTMon.WebApi", "IoTMon.WebApi\IoTMon.WebApi.csproj", "{068AAD43-C21E-40EB-A9E0-9B757A5FA3BD}"
EndProject
Project("{FAE04EC0-301F-11D3-BF4B-00C04F79EFBC}") = "IoTMon.DataSimulator", "IoTMon.DataSimulator\IoTMon.DataSimulator.csproj", "{E12F61E5-BF03-4C30-AA1C-DC939EA3EBD5}"
EndProject
Project("{FAE04EC0-301F-11D3-BF4B-00C04F79EFBC}") = "IoTMon.Services", "IoTMon.Services\IoTMon.Services.csproj", "{ED4A12E8-C52C-4D3E-B17D-C96512B8AEAC}"
EndProject
Project("{FAE04EC0-301F-11D3-BF4B-00C04F79EFBC}") = "IoTMon.DataServices", "IoTMon.DataServices\IoTMon.DataServices.csproj", "{58F0B044-3FE0-4B42-8DF6-86E257D07DDE}"
EndProject
Global
	GlobalSection(SolutionConfigurationPlatforms) = preSolution
		Debug|Any CPU = Debug|Any CPU
		Release|Any CPU = Release|Any CPU
	EndGlobalSection
	GlobalSection(ProjectConfigurationPlatforms) = postSolution
		{017AB222-CF86-4C54-9730-D989F2B84498}.Debug|Any CPU.ActiveCfg = Debug|Any CPU
		{017AB222-CF86-4C54-9730-D989F2B84498}.Debug|Any CPU.Build.0 = Debug|Any CPU
		{017AB222-CF86-4C54-9730-D989F2B84498}.Release|Any CPU.ActiveCfg = Release|Any CPU
		{017AB222-CF86-4C54-9730-D989F2B84498}.Release|Any CPU.Build.0 = Release|Any CPU
		{06D3CE1B-4EBF-43DE-A732-9AEDDD9F343C}.Debug|Any CPU.ActiveCfg = Debug|Any CPU
		{06D3CE1B-4EBF-43DE-A732-9AEDDD9F343C}.Debug|Any CPU.Build.0 = Debug|Any CPU
		{06D3CE1B-4EBF-43DE-A732-9AEDDD9F343C}.Release|Any CPU.ActiveCfg = Release|Any CPU
		{06D3CE1B-4EBF-43DE-A732-9AEDDD9F343C}.Release|Any CPU.Build.0 = Release|Any CPU
		{068AAD43-C21E-40EB-A9E0-9B757A5FA3BD}.Debug|Any CPU.ActiveCfg = Debug|Any CPU
		{068AAD43-C21E-40EB-A9E0-9B757A5FA3BD}.Debug|Any CPU.Build.0 = Debug|Any CPU
		{068AAD43-C21E-40EB-A9E0-9B757A5FA3BD}.Release|Any CPU.ActiveCfg = Release|Any CPU
		{068AAD43-C21E-40EB-A9E0-9B757A5FA3BD}.Release|Any CPU.Build.0 = Release|Any CPU
		{E12F61E5-BF03-4C30-AA1C-DC939EA3EBD5}.Debug|Any CPU.ActiveCfg = Debug|Any CPU
		{E12F61E5-BF03-4C30-AA1C-DC939EA3EBD5}.Debug|Any CPU.Build.0 = Debug|Any CPU
		{E12F61E5-BF03-4C30-AA1C-DC939EA3EBD5}.Release|Any CPU.ActiveCfg = Release|Any CPU
		{E12F61E5-BF03-4C30-AA1C-DC939EA3EBD5}.Release|Any CPU.Build.0 = Release|Any CPU
		{ED4A12E8-C52C-4D3E-B17D-C96512B8AEAC}.Debug|Any CPU.ActiveCfg = Debug|Any CPU
		{ED4A12E8-C52C-4D3E-B17D-C96512B8AEAC}.Debug|Any CPU.Build.0 = Debug|Any CPU
		{ED4A12E8-C52C-4D3E-B17D-C96512B8AEAC}.Release|Any CPU.ActiveCfg = Release|Any CPU
		{ED4A12E8-C52C-4D3E-B17D-C96512B8AEAC}.Release|Any CPU.Build.0 = Release|Any CPU
		{58F0B044-3FE0-4B42-8DF6-86E257D07DDE}.Debug|Any CPU.ActiveCfg = Debug|Any CPU
		{58F0B044-3FE0-4B42-8DF6-86E257D07DDE}.Debug|Any CPU.Build.0 = Debug|Any CPU
		{58F0B044-3FE0-4B42-8DF6-86E257D07DDE}.Release|Any CPU.ActiveCfg = Release|Any CPU
		{58F0B044-3FE0-4B42-8DF6-86E257D07DDE}.Release|Any CPU.Build.0 = Release|Any CPU
	EndGlobalSection
	GlobalSection(SolutionProperties) = preSolution
		HideSolutionNode = FALSE
	EndGlobalSection
	GlobalSection(ExtensibilityGlobals) = postSolution
		SolutionGuid = {C0FE0E99-894F-4677-A390-1360D791BF2A}
	EndGlobalSection
EndGlobal
